
Microsoft Visual Studio Solution File, Format Version 12.00
# Visual Studio Version 17
VisualStudioVersion = 17.4.33110.190
MinimumVisualStudioVersion = 10.0.40219.1
Project("{FAE04EC0-301F-11D3-BF4B-00C04F79EFBC}") = "DapperCRUD", "DapperCRUD\DapperCRUD.csproj", "{8412B852-8DED-41BA-B22E-A47174BA320E}"
EndProject
Global
	GlobalSection(SolutionConfigurationPlatforms) = preSolution
		Debug|Any CPU = Debug|Any CPU
		Release|Any CPU = Release|Any CPU
	EndGlobalSection
	GlobalSection(ProjectConfigurationPlatforms) = postSolution
		{8412B852-8DED-41BA-B22E-A47174BA320E}.Debug|Any CPU.ActiveCfg = Debug|Any CPU
		{8412B852-8DED-41BA-B22E-A47174BA320E}.Debug|Any CPU.Build.0 = Debug|Any CPU
		{8412B852-8DED-41BA-B22E-A47174BA320E}.Release|Any CPU.ActiveCfg = Release|Any CPU
		{8412B852-8DED-41BA-B22E-A47174BA320E}.Release|Any CPU.Build.0 = Release|Any CPU
	EndGlobalSection
	GlobalSection(SolutionProperties) = preSolution
		HideSolutionNode = FALSE
	EndGlobalSection
	GlobalSection(ExtensibilityGlobals) = postSolution
		SolutionGuid = {48497BF2-9EFA-465B-9DF7-40A080E65A7C}
	EndGlobalSection
EndGlobal
